
Microsoft Visual Studio Solution File, Format Version 12.00
# Visual Studio Version 17
VisualStudioVersion = 17.0.31903.59
MinimumVisualStudioVersion = 10.0.40219.1
Project("{FAE04EC0-301F-11D3-BF4B-00C04F79EFBC}") = "University.API", "University.API\University.API.csproj", "{FFF56495-1E3F-4B43-9366-BFDE92951296}"
EndProject
Project("{FAE04EC0-301F-11D3-BF4B-00C04F79EFBC}") = "University.Core", "University.Core\University.Core.csproj", "{77AE3D55-C3D0-4434-95E9-5CA98E2F9E08}"
EndProject
Project("{FAE04EC0-301F-11D3-BF4B-00C04F79EFBC}") = "University.Data", "University.Data\University.Data.csproj", "{2B7E669E-10B2-4979-A9D6-A9D273EB1C9D}"
EndProject
Global
	GlobalSection(SolutionConfigurationPlatforms) = preSolution
		Debug|Any CPU = Debug|Any CPU
		Debug|x64 = Debug|x64
		Debug|x86 = Debug|x86
		Release|Any CPU = Release|Any CPU
		Release|x64 = Release|x64
		Release|x86 = Release|x86
	EndGlobalSection
	GlobalSection(ProjectConfigurationPlatforms) = postSolution
		{FFF56495-1E3F-4B43-9366-BFDE92951296}.Debug|Any CPU.ActiveCfg = Debug|Any CPU
		{FFF56495-1E3F-4B43-9366-BFDE92951296}.Debug|Any CPU.Build.0 = Debug|Any CPU
		{FFF56495-1E3F-4B43-9366-BFDE92951296}.Debug|x64.ActiveCfg = Debug|Any CPU
		{FFF56495-1E3F-4B43-9366-BFDE92951296}.Debug|x64.Build.0 = Debug|Any CPU
		{FFF56495-1E3F-4B43-9366-BFDE92951296}.Debug|x86.ActiveCfg = Debug|Any CPU
		{FFF56495-1E3F-4B43-9366-BFDE92951296}.Debug|x86.Build.0 = Debug|Any CPU
		{FFF56495-1E3F-4B43-9366-BFDE92951296}.Release|Any CPU.ActiveCfg = Release|Any CPU
		{FFF56495-1E3F-4B43-9366-BFDE92951296}.Release|Any CPU.Build.0 = Release|Any CPU
		{FFF56495-1E3F-4B43-9366-BFDE92951296}.Release|x64.ActiveCfg = Release|Any CPU
		{FFF56495-1E3F-4B43-9366-BFDE92951296}.Release|x64.Build.0 = Release|Any CPU
		{FFF56495-1E3F-4B43-9366-BFDE92951296}.Release|x86.ActiveCfg = Release|Any CPU
		{FFF56495-1E3F-4B43-9366-BFDE92951296}.Release|x86.Build.0 = Release|Any CPU
		{77AE3D55-C3D0-4434-95E9-5CA98E2F9E08}.Debug|Any CPU.ActiveCfg = Debug|Any CPU
		{77AE3D55-C3D0-4434-95E9-5CA98E2F9E08}.Debug|Any CPU.Build.0 = Debug|Any CPU
		{77AE3D55-C3D0-4434-95E9-5CA98E2F9E08}.Debug|x64.ActiveCfg = Debug|Any CPU
		{77AE3D55-C3D0-4434-95E9-5CA98E2F9E08}.Debug|x64.Build.0 = Debug|Any CPU
		{77AE3D55-C3D0-4434-95E9-5CA98E2F9E08}.Debug|x86.ActiveCfg = Debug|Any CPU
		{77AE3D55-C3D0-4434-95E9-5CA98E2F9E08}.Debug|x86.Build.0 = Debug|Any CPU
		{77AE3D55-C3D0-4434-95E9-5CA98E2F9E08}.Release|Any CPU.ActiveCfg = Release|Any CPU
		{77AE3D55-C3D0-4434-95E9-5CA98E2F9E08}.Release|Any CPU.Build.0 = Release|Any CPU
		{77AE3D55-C3D0-4434-95E9-5CA98E2F9E08}.Release|x64.ActiveCfg = Release|Any CPU
		{77AE3D55-C3D0-4434-95E9-5CA98E2F9E08}.Release|x64.Build.0 = Release|Any CPU
		{77AE3D55-C3D0-4434-95E9-5CA98E2F9E08}.Release|x86.ActiveCfg = Release|Any CPU
		{77AE3D55-C3D0-4434-95E9-5CA98E2F9E08}.Release|x86.Build.0 = Release|Any CPU
		{2B7E669E-10B2-4979-A9D6-A9D273EB1C9D}.Debug|Any CPU.ActiveCfg = Debug|Any CPU
		{2B7E669E-10B2-4979-A9D6-A9D273EB1C9D}.Debug|Any CPU.Build.0 = Debug|Any CPU
		{2B7E669E-10B2-4979-A9D6-A9D273EB1C9D}.Debug|x64.ActiveCfg = Debug|Any CPU
		{2B7E669E-10B2-4979-A9D6-A9D273EB1C9D}.Debug|x64.Build.0 = Debug|Any CPU
		{2B7E669E-10B2-4979-A9D6-A9D273EB1C9D}.Debug|x86.ActiveCfg = Debug|Any CPU
		{2B7E669E-10B2-4979-A9D6-A9D273EB1C9D}.Debug|x86.Build.0 = Debug|Any CPU
		{2B7E669E-10B2-4979-A9D6-A9D273EB1C9D}.Release|Any CPU.ActiveCfg = Release|Any CPU
		{2B7E669E-10B2-4979-A9D6-A9D273EB1C9D}.Release|Any CPU.Build.0 = Release|Any CPU
		{2B7E669E-10B2-4979-A9D6-A9D273EB1C9D}.Release|x64.ActiveCfg = Release|Any CPU
		{2B7E669E-10B2-4979-A9D6-A9D273EB1C9D}.Release|x64.Build.0 = Release|Any CPU
		{2B7E669E-10B2-4979-A9D6-A9D273EB1C9D}.Release|x86.ActiveCfg = Release|Any CPU
		{2B7E669E-10B2-4979-A9D6-A9D273EB1C9D}.Release|x86.Build.0 = Release|Any CPU
	EndGlobalSection
	GlobalSection(SolutionProperties) = preSolution
		HideSolutionNode = FALSE
	EndGlobalSection
EndGlobal
