
Microsoft Visual Studio Solution File, Format Version 12.00
# Visual Studio Version 18
VisualStudioVersion = 18.6.11819.183 stable
MinimumVisualStudioVersion = 10.0.40219.1
Project("{FAE04EC0-301F-11D3-BF4B-00C04F79EFBC}") = "UniversityCourseManagement", "UniversityCourseManagement.csproj", "{9884C9EF-A8A5-BFF4-D4A1-CB8E3BBE41DE}"
EndProject
Global
	GlobalSection(SolutionConfigurationPlatforms) = preSolution
		Debug|Any CPU = Debug|Any CPU
		Release|Any CPU = Release|Any CPU
	EndGlobalSection
	GlobalSection(ProjectConfigurationPlatforms) = postSolution
		{9884C9EF-A8A5-BFF4-D4A1-CB8E3BBE41DE}.Debug|Any CPU.ActiveCfg = Debug|Any CPU
		{9884C9EF-A8A5-BFF4-D4A1-CB8E3BBE41DE}.Debug|Any CPU.Build.0 = Debug|Any CPU
		{9884C9EF-A8A5-BFF4-D4A1-CB8E3BBE41DE}.Release|Any CPU.ActiveCfg = Release|Any CPU
		{9884C9EF-A8A5-BFF4-D4A1-CB8E3BBE41DE}.Release|Any CPU.Build.0 = Release|Any CPU
	EndGlobalSection
	GlobalSection(SolutionProperties) = preSolution
		HideSolutionNode = FALSE
	EndGlobalSection
	GlobalSection(ExtensibilityGlobals) = postSolution
		SolutionGuid = {F4154CA4-CCDB-476C-96E9-7713D23CD847}
	EndGlobalSection
EndGlobal
